// !$*UTF8*$!
{
	archiveVersion = 1;
	classes = {
	};
	objectVersion = 46;
	objects = {

/* Begin PBXBuildFile section */
		2C0DD61D1CE0D38B0058E33E /* AAAssetCollectionViewCell.swift in Sources */ = {isa = PBXBuildFile; fileRef = 2C0DD6131CE0D38B0058E33E /* AAAssetCollectionViewCell.swift */; };
		2C0DD61E1CE0D38B0058E33E /* AALibraryAssetsViewController.swift in Sources */ = {isa = PBXBuildFile; fileRef = 2C0DD6141CE0D38B0058E33E /* AALibraryAssetsViewController.swift */; };
		2C0DD61F1CE0D38B0058E33E /* AALibraryItemCell.swift in Sources */ = {isa = PBXBuildFile; fileRef = 2C0DD6161CE0D38B0058E33E /* AALibraryItemCell.swift */; };
		2C0DD6201CE0D38B0058E33E /* LoadLibraryViewController.swift in Sources */ = {isa = PBXBuildFile; fileRef = 2C0DD6171CE0D38B0058E33E /* LoadLibraryViewController.swift */; };
		2C0DD6221CE0D38B0058E33E /* AddToLibraryViewController.swift in Sources */ = {isa = PBXBuildFile; fileRef = 2C0DD61A1CE0D38B0058E33E /* AddToLibraryViewController.swift */; };
		2C0DD6231CE0D38B0058E33E /* AAPhotoDetailViewController.swift in Sources */ = {isa = PBXBuildFile; fileRef = 2C0DD61C1CE0D38B0058E33E /* AAPhotoDetailViewController.swift */; };
		2C83E21C1CE0D744007C986D /* NewAssetImageCell.swift in Sources */ = {isa = PBXBuildFile; fileRef = 2C83E21B1CE0D744007C986D /* NewAssetImageCell.swift */; };
		2CD58EEB1CDE379500DE7BD2 /* AppDelegate.swift in Sources */ = {isa = PBXBuildFile; fileRef = 2CD58EEA1CDE379500DE7BD2 /* AppDelegate.swift */; };
		2CD58EED1CDE379500DE7BD2 /* ViewController.swift in Sources */ = {isa = PBXBuildFile; fileRef = 2CD58EEC1CDE379500DE7BD2 /* ViewController.swift */; };
		2CD58EF01CDE379500DE7BD2 /* Main.storyboard in Resources */ = {isa = PBXBuildFile; fileRef = 2CD58EEE1CDE379500DE7BD2 /* Main.storyboard */; };
		2CD58EF21CDE379500DE7BD2 /* Assets.xcassets in Resources */ = {isa = PBXBuildFile; fileRef = 2CD58EF11CDE379500DE7BD2 /* Assets.xcassets */; };
		2CD58EF51CDE379500DE7BD2 /* LaunchScreen.storyboard in Resources */ = {isa = PBXBuildFile; fileRef = 2CD58EF31CDE379500DE7BD2 /* LaunchScreen.storyboard */; };
		2CD58F001CDE379500DE7BD2 /* AAPhotoLibraryTests.swift in Sources */ = {isa = PBXBuildFile; fileRef = 2CD58EFF1CDE379500DE7BD2 /* AAPhotoLibraryTests.swift */; };
		2CD58F0C1CDE37C700DE7BD2 /* AAPhotoLibrary+Writer.swift in Sources */ = {isa = PBXBuildFile; fileRef = 2CD58F0B1CDE37C700DE7BD2 /* AAPhotoLibrary+Writer.swift */; };
		2CD58F0E1CDE38D100DE7BD2 /* AAPhotoLibrary+Reader.swift in Sources */ = {isa = PBXBuildFile; fileRef = 2CD58F0D1CDE38D100DE7BD2 /* AAPhotoLibrary+Reader.swift */; };
		2CD58F101CDE7AC800DE7BD2 /* AAPLErrorHandler.swift in Sources */ = {isa = PBXBuildFile; fileRef = 2CD58F0F1CDE7AC800DE7BD2 /* AAPLErrorHandler.swift */; };
/* End PBXBuildFile section */

/* Begin PBXContainerItemProxy section */
		2CD58EFC1CDE379500DE7BD2 /* PBXContainerItemProxy */ = {
			isa = PBXContainerItemProxy;
			containerPortal = 2CD58EDF1CDE379400DE7BD2 /* Project object */;
			proxyType = 1;
			remoteGlobalIDString = 2CD58EE61CDE379400DE7BD2;
			remoteInfo = AAPhotoLibrary;
		};
/* End PBXContainerItemProxy section */

/* Begin PBXFileReference section */
		2C0DD6131CE0D38B0058E33E /* AAAssetCollectionViewCell.swift */ = {isa = PBXFileReference; fileEncoding = 4; lastKnownFileType = sourcecode.swift; path = AAAssetCollectionViewCell.swift; sourceTree = "<group>"; };
		2C0DD6141CE0D38B0058E33E /* AALibraryAssetsViewController.swift */ = {isa = PBXFileReference; fileEncoding = 4; lastKnownFileType = sourcecode.swift; path = AALibraryAssetsViewController.swift; sourceTree = "<group>"; };
		2C0DD6161CE0D38B0058E33E /* AALibraryItemCell.swift */ = {isa = PBXFileReference; fileEncoding = 4; lastKnownFileType = sourcecode.swift; path = AALibraryItemCell.swift; sourceTree = "<group>"; };
		2C0DD6171CE0D38B0058E33E /* LoadLibraryViewController.swift */ = {isa = PBXFileReference; fileEncoding = 4; lastKnownFileType = sourcecode.swift; path = LoadLibraryViewController.swift; sourceTree = "<group>"; };
		2C0DD61A1CE0D38B0058E33E /* AddToLibraryViewController.swift */ = {isa = PBXFileReference; fileEncoding = 4; lastKnownFileType = sourcecode.swift; path = AddToLibraryViewController.swift; sourceTree = "<group>"; };
		2C0DD61C1CE0D38B0058E33E /* AAPhotoDetailViewController.swift */ = {isa = PBXFileReference; fileEncoding = 4; lastKnownFileType = sourcecode.swift; path = AAPhotoDetailViewController.swift; sourceTree = "<group>"; };
		2C83E21B1CE0D744007C986D /* NewAssetImageCell.swift */ = {isa = PBXFileReference; fileEncoding = 4; lastKnownFileType = sourcecode.swift; path = NewAssetImageCell.swift; sourceTree = "<group>"; };
		2CD58EE71CDE379400DE7BD2 /* AAPhotoLibrary.app */ = {isa = PBXFileReference; explicitFileType = wrapper.application; includeInIndex = 0; path = AAPhotoLibrary.app; sourceTree = BUILT_PRODUCTS_DIR; };
		2CD58EEA1CDE379500DE7BD2 /* AppDelegate.swift */ = {isa = PBXFileReference; lastKnownFileType = sourcecode.swift; path = AppDelegate.swift; sourceTree = "<group>"; };
		2CD58EEC1CDE379500DE7BD2 /* ViewController.swift */ = {isa = PBXFileReference; lastKnownFileType = sourcecode.swift; path = ViewController.swift; sourceTree = "<group>"; };
		2CD58EEF1CDE379500DE7BD2 /* Base */ = {isa = PBXFileReference; lastKnownFileType = file.storyboard; name = Base; path = Base.lproj/Main.storyboard; sourceTree = "<group>"; };
		2CD58EF11CDE379500DE7BD2 /* Assets.xcassets */ = {isa = PBXFileReference; lastKnownFileType = folder.assetcatalog; path = Assets.xcassets; sourceTree = "<group>"; };
		2CD58EF41CDE379500DE7BD2 /* Base */ = {isa = PBXFileReference; lastKnownFileType = file.storyboard; name = Base; path = Base.lproj/LaunchScreen.storyboard; sourceTree = "<group>"; };
		2CD58EF61CDE379500DE7BD2 /* Info.plist */ = {isa = PBXFileReference; lastKnownFileType = text.plist.xml; path = Info.plist; sourceTree = "<group>"; };
		2CD58EFB1CDE379500DE7BD2 /* AAPhotoLibraryTests.xctest */ = {isa = PBXFileReference; explicitFileType = wrapper.cfbundle; includeInIndex = 0; path = AAPhotoLibraryTests.xctest; sourceTree = BUILT_PRODUCTS_DIR; };
		2CD58EFF1CDE379500DE7BD2 /* AAPhotoLibraryTests.swift */ = {isa = PBXFileReference; lastKnownFileType = sourcecode.swift; path = AAPhotoLibraryTests.swift; sourceTree = "<group>"; };
		2CD58F011CDE379500DE7BD2 /* Info.plist */ = {isa = PBXFileReference; lastKnownFileType = text.plist.xml; path = Info.plist; sourceTree = "<group>"; };
		2CD58F0B1CDE37C700DE7BD2 /* AAPhotoLibrary+Writer.swift */ = {isa = PBXFileReference; fileEncoding = 4; lastKnownFileType = sourcecode.swift; path = "AAPhotoLibrary+Writer.swift"; sourceTree = "<group>"; };
		2CD58F0D1CDE38D100DE7BD2 /* AAPhotoLibrary+Reader.swift */ = {isa = PBXFileReference; fileEncoding = 4; lastKnownFileType = sourcecode.swift; path = "AAPhotoLibrary+Reader.swift"; sourceTree = "<group>"; };
		2CD58F0F1CDE7AC800DE7BD2 /* AAPLErrorHandler.swift */ = {isa = PBXFileReference; fileEncoding = 4; lastKnownFileType = sourcecode.swift; path = AAPLErrorHandler.swift; sourceTree = "<group>"; };
/* End PBXFileReference section */

/* Begin PBXFrameworksBuildPhase section */
		2CD58EE41CDE379400DE7BD2 /* Frameworks */ = {
			isa = PBXFrameworksBuildPhase;
			buildActionMask = 2147483647;
			files = (
			);
			runOnlyForDeploymentPostprocessing = 0;
		};
		2CD58EF81CDE379500DE7BD2 /* Frameworks */ = {
			isa = PBXFrameworksBuildPhase;
			buildActionMask = 2147483647;
			files = (
			);
			runOnlyForDeploymentPostprocessing = 0;
		};
/* End PBXFrameworksBuildPhase section */

/* Begin PBXGroup section */
		2C0DD6121CE0D38B0058E33E /* Assets */ = {
			isa = PBXGroup;
			children = (
				2C0DD6131CE0D38B0058E33E /* AAAssetCollectionViewCell.swift */,
				2C0DD6141CE0D38B0058E33E /* AALibraryAssetsViewController.swift */,
			);
			path = Assets;
			sourceTree = "<group>";
		};
		2C0DD6151CE0D38B0058E33E /* Library */ = {
			isa = PBXGroup;
			children = (
				2C0DD6161CE0D38B0058E33E /* AALibraryItemCell.swift */,
				2C0DD6171CE0D38B0058E33E /* LoadLibraryViewController.swift */,
			);
			path = Library;
			sourceTree = "<group>";
		};
		2C0DD6181CE0D38B0058E33E /* NewAssets */ = {
			isa = PBXGroup;
			children = (
				2C0DD61A1CE0D38B0058E33E /* AddToLibraryViewController.swift */,
				2C83E21B1CE0D744007C986D /* NewAssetImageCell.swift */,
			);
			path = NewAssets;
			sourceTree = "<group>";
		};
		2C0DD61B1CE0D38B0058E33E /* Detail */ = {
			isa = PBXGroup;
			children = (
				2C0DD61C1CE0D38B0058E33E /* AAPhotoDetailViewController.swift */,
			);
			path = Detail;
			sourceTree = "<group>";
		};
		2CD58EDE1CDE379400DE7BD2 = {
			isa = PBXGroup;
			children = (
				2CD58EE91CDE379500DE7BD2 /* AAPhotoLibrary */,
				2CD58EFE1CDE379500DE7BD2 /* AAPhotoLibraryTests */,
				2CD58EE81CDE379400DE7BD2 /* Products */,
			);
			sourceTree = "<group>";
		};
		2CD58EE81CDE379400DE7BD2 /* Products */ = {
			isa = PBXGroup;
			children = (
				2CD58EE71CDE379400DE7BD2 /* AAPhotoLibrary.app */,
				2CD58EFB1CDE379500DE7BD2 /* AAPhotoLibraryTests.xctest */,
			);
			name = Products;
			sourceTree = "<group>";
		};
		2CD58EE91CDE379500DE7BD2 /* AAPhotoLibrary */ = {
			isa = PBXGroup;
			children = (
				2C0DD6121CE0D38B0058E33E /* Assets */,
				2C0DD6151CE0D38B0058E33E /* Library */,
				2C0DD6181CE0D38B0058E33E /* NewAssets */,
				2C0DD61B1CE0D38B0058E33E /* Detail */,
				2CD58F0A1CDE37B300DE7BD2 /* Extension */,
				2CD58EEA1CDE379500DE7BD2 /* AppDelegate.swift */,
				2CD58EEC1CDE379500DE7BD2 /* ViewController.swift */,
				2CD58EEE1CDE379500DE7BD2 /* Main.storyboard */,
				2CD58EF11CDE379500DE7BD2 /* Assets.xcassets */,
				2CD58EF31CDE379500DE7BD2 /* LaunchScreen.storyboard */,
				2CD58EF61CDE379500DE7BD2 /* Info.plist */,
			);
			path = AAPhotoLibrary;
			sourceTree = "<group>";
		};
		2CD58EFE1CDE379500DE7BD2 /* AAPhotoLibraryTests */ = {
			isa = PBXGroup;
			children = (
				2CD58EFF1CDE379500DE7BD2 /* AAPhotoLibraryTests.swift */,
				2CD58F011CDE379500DE7BD2 /* Info.plist */,
			);
			path = AAPhotoLibraryTests;
			sourceTree = "<group>";
		};
		2CD58F0A1CDE37B300DE7BD2 /* Extension */ = {
			isa = PBXGroup;
			children = (
				2CD58F0B1CDE37C700DE7BD2 /* AAPhotoLibrary+Writer.swift */,
				2CD58F0D1CDE38D100DE7BD2 /* AAPhotoLibrary+Reader.swift */,
				2CD58F0F1CDE7AC800DE7BD2 /* AAPLErrorHandler.swift */,
			);
			path = Extension;
			sourceTree = "<group>";
		};
/* End PBXGroup section */

/* Begin PBXNativeTarget section */
		2CD58EE61CDE379400DE7BD2 /* AAPhotoLibrary */ = {
			isa = PBXNativeTarget;
			buildConfigurationList = 2CD58F041CDE379500DE7BD2 /* Build configuration list for PBXNativeTarget "AAPhotoLibrary" */;
			buildPhases = (
				2CD58EE31CDE379400DE7BD2 /* Sources */,
				2CD58EE41CDE379400DE7BD2 /* Frameworks */,
				2CD58EE51CDE379400DE7BD2 /* Resources */,
			);
			buildRules = (
			);
			dependencies = (
			);
			name = AAPhotoLibrary;
			productName = AAPhotoLibrary;
			productReference = 2CD58EE71CDE379400DE7BD2 /* AAPhotoLibrary.app */;
			productType = "com.apple.product-type.application";
		};
		2CD58EFA1CDE379500DE7BD2 /* AAPhotoLibraryTests */ = {
			isa = PBXNativeTarget;
			buildConfigurationList = 2CD58F071CDE379500DE7BD2 /* Build configuration list for PBXNativeTarget "AAPhotoLibraryTests" */;
			buildPhases = (
				2CD58EF71CDE379500DE7BD2 /* Sources */,
				2CD58EF81CDE379500DE7BD2 /* Frameworks */,
				2CD58EF91CDE379500DE7BD2 /* Resources */,
			);
			buildRules = (
			);
			dependencies = (
				2CD58EFD1CDE379500DE7BD2 /* PBXTargetDependency */,
			);
			name = AAPhotoLibraryTests;
			productName = AAPhotoLibraryTests;
			productReference = 2CD58EFB1CDE379500DE7BD2 /* AAPhotoLibraryTests.xctest */;
			productType = "com.apple.product-type.bundle.unit-test";
		};
/* End PBXNativeTarget section */

/* Begin PBXProject section */
		2CD58EDF1CDE379400DE7BD2 /* Project object */ = {
			isa = PBXProject;
			attributes = {
				LastSwiftUpdateCheck = 0730;
				LastUpgradeCheck = 0820;
				ORGANIZATIONNAME = "Armen Abrahamyan";
				TargetAttributes = {
					2CD58EE61CDE379400DE7BD2 = {
						CreatedOnToolsVersion = 7.3.1;
						DevelopmentTeam = J7MY3N22B3;
						LastSwiftMigration = 0800;
					};
					2CD58EFA1CDE379500DE7BD2 = {
						CreatedOnToolsVersion = 7.3.1;
						LastSwiftMigration = 0800;
						TestTargetID = 2CD58EE61CDE379400DE7BD2;
					};
				};
			};
			buildConfigurationList = 2CD58EE21CDE379400DE7BD2 /* Build configuration list for PBXProject "AAPhotoLibrary" */;
			compatibilityVersion = "Xcode 3.2";
			developmentRegion = English;
			hasScannedForEncodings = 0;
			knownRegions = (
				en,
				Base,
			);
			mainGroup = 2CD58EDE1CDE379400DE7BD2;
			productRefGroup = 2CD58EE81CDE379400DE7BD2 /* Products */;
			projectDirPath = "";
			projectRoot = "";
			targets = (
				2CD58EE61CDE379400DE7BD2 /* AAPhotoLibrary */,
				2CD58EFA1CDE379500DE7BD2 /* AAPhotoLibraryTests */,
			);
		};
/* End PBXProject section */

/* Begin PBXResourcesBuildPhase section */
		2CD58EE51CDE379400DE7BD2 /* Resources */ = {
			isa = PBXResourcesBuildPhase;
			buildActionMask = 2147483647;
			files = (
				2CD58EF51CDE379500DE7BD2 /* LaunchScreen.storyboard in Resources */,
				2CD58EF21CDE379500DE7BD2 /* Assets.xcassets in Resources */,
				2CD58EF01CDE379500DE7BD2 /* Main.storyboard in Resources */,
			);
			runOnlyForDeploymentPostprocessing = 0;
		};
		2CD58EF91CDE379500DE7BD2 /* Resources */ = {
			isa = PBXResourcesBuildPhase;
			buildActionMask = 2147483647;
			files = (
			);
			runOnlyForDeploymentPostprocessing = 0;
		};
/* End PBXResourcesBuildPhase section */

/* Begin PBXSourcesBuildPhase section */
		2CD58EE31CDE379400DE7BD2 /* Sources */ = {
			isa = PBXSourcesBuildPhase;
			buildActionMask = 2147483647;
			files = (
				2C0DD61F1CE0D38B0058E33E /* AALibraryItemCell.swift in Sources */,
				2CD58EED1CDE379500DE7BD2 /* ViewController.swift in Sources */,
				2C0DD6231CE0D38B0058E33E /* AAPhotoDetailViewController.swift in Sources */,
				2CD58F0E1CDE38D100DE7BD2 /* AAPhotoLibrary+Reader.swift in Sources */,
				2CD58F0C1CDE37C700DE7BD2 /* AAPhotoLibrary+Writer.swift in Sources */,
				2C0DD61E1CE0D38B0058E33E /* AALibraryAssetsViewController.swift in Sources */,
				2CD58F101CDE7AC800DE7BD2 /* AAPLErrorHandler.swift in Sources */,
				2C83E21C1CE0D744007C986D /* NewAssetImageCell.swift in Sources */,
				2C0DD6221CE0D38B0058E33E /* AddToLibraryViewController.swift in Sources */,
				2CD58EEB1CDE379500DE7BD2 /* AppDelegate.swift in Sources */,
				2C0DD61D1CE0D38B0058E33E /* AAAssetCollectionViewCell.swift in Sources */,
				2C0DD6201CE0D38B0058E33E /* LoadLibraryViewController.swift in Sources */,
			);
			runOnlyForDeploymentPostprocessing = 0;
		};
		2CD58EF71CDE379500DE7BD2 /* Sources */ = {
			isa = PBXSourcesBuildPhase;
			buildActionMask = 2147483647;
			files = (
				2CD58F001CDE379500DE7BD2 /* AAPhotoLibraryTests.swift in Sources */,
			);
			runOnlyForDeploymentPostprocessing = 0;
		};
/* End PBXSourcesBuildPhase section */

/* Begin PBXTargetDependency section */
		2CD58EFD1CDE379500DE7BD2 /* PBXTargetDependency */ = {
			isa = PBXTargetDependency;
			target = 2CD58EE61CDE379400DE7BD2 /* AAPhotoLibrary */;
			targetProxy = 2CD58EFC1CDE379500DE7BD2 /* PBXContainerItemProxy */;
		};
/* End PBXTargetDependency section */

/* Begin PBXVariantGroup section */
		2CD58EEE1CDE379500DE7BD2 /* Main.storyboard */ = {
			isa = PBXVariantGroup;
			children = (
				2CD58EEF1CDE379500DE7BD2 /* Base */,
			);
			name = Main.storyboard;
			sourceTree = "<group>";
		};
		2CD58EF31CDE379500DE7BD2 /* LaunchScreen.storyboard */ = {
			isa = PBXVariantGroup;
			children = (
				2CD58EF41CDE379500DE7BD2 /* Base */,
			);
			name = LaunchScreen.storyboard;
			sourceTree = "<group>";
		};
/* End PBXVariantGroup section */

/* Begin XCBuildConfiguration section */
		2CD58F021CDE379500DE7BD2 /* Debug */ = {
			isa = XCBuildConfiguration;
			buildSettings = {
				ALWAYS_SEARCH_USER_PATHS = NO;
				CLANG_ANALYZER_NONNULL = YES;
				CLANG_CXX_LANGUAGE_STANDARD = "gnu++0x";
				CLANG_CXX_LIBRARY = "libc++";
				CLANG_ENABLE_MODULES = YES;
				CLANG_ENABLE_OBJC_ARC = YES;
				CLANG_WARN_BOOL_CONVERSION = YES;
				CLANG_WARN_CONSTANT_CONVERSION = YES;
				CLANG_WARN_DIRECT_OBJC_ISA_USAGE = YES_ERROR;
				CLANG_WARN_EMPTY_BODY = YES;
				CLANG_WARN_ENUM_CONVERSION = YES;
				CLANG_WARN_INFINITE_RECURSION = YES;
				CLANG_WARN_INT_CONVERSION = YES;
				CLANG_WARN_OBJC_ROOT_CLASS = YES_ERROR;
				CLANG_WARN_SUSPICIOUS_MOVE = YES;
				CLANG_WARN_UNREACHABLE_CODE = YES;
				CLANG_WARN__DUPLICATE_METHOD_MATCH = YES;
				"CODE_SIGN_IDENTITY[sdk=iphoneos*]" = "iPhone Developer";
				COPY_PHASE_STRIP = NO;
				DEBUG_INFORMATION_FORMAT = dwarf;
				ENABLE_STRICT_OBJC_MSGSEND = YES;
				ENABLE_TESTABILITY = YES;
				GCC_C_LANGUAGE_STANDARD = gnu99;
				GCC_DYNAMIC_NO_PIC = NO;
				GCC_NO_COMMON_BLOCKS = YES;
				GCC_OPTIMIZATION_LEVEL = 0;
				GCC_PREPROCESSOR_DEFINITIONS = (
					"DEBUG=1",
					"$(inherited)",
				);
				GCC_WARN_64_TO_32_BIT_CONVERSION = YES;
				GCC_WARN_ABOUT_RETURN_TYPE = YES_ERROR;
				GCC_WARN_UNDECLARED_SELECTOR = YES;
				GCC_WARN_UNINITIALIZED_AUTOS = YES_AGGRESSIVE;
				GCC_WARN_UNUSED_FUNCTION = YES;
				GCC_WARN_UNUSED_VARIABLE = YES;
				IPHONEOS_DEPLOYMENT_TARGET = 9.3;
				MTL_ENABLE_DEBUG_INFO = YES;
				ONLY_ACTIVE_ARCH = YES;
				SDKROOT = iphoneos;
				SWIFT_OPTIMIZATION_LEVEL = "-Onone";
				TARGETED_DEVICE_FAMILY = "1,2";
			};
			name = Debug;
		};
		2CD58F031CDE379500DE7BD2 /* Release */ = {
			isa = XCBuildConfiguration;
			buildSettings = {
				ALWAYS_SEARCH_USER_PATHS = NO;
				CLANG_ANALYZER_NONNULL = YES;
				CLANG_CXX_LANGUAGE_STANDARD = "gnu++0x";
				CLANG_CXX_LIBRARY = "libc++";
				CLANG_ENABLE_MODULES = YES;
				CLANG_ENABLE_OBJC_ARC = YES;
				CLANG_WARN_BOOL_CONVERSION = YES;
				CLANG_WARN_CONSTANT_CONVERSION = YES;
				CLANG_WARN_DIRECT_OBJC_ISA_USAGE = YES_ERROR;
				CLANG_WARN_EMPTY_BODY = YES;
				CLANG_WARN_ENUM_CONVERSION = YES;
				CLANG_WARN_INFINITE_RECURSION = YES;
				CLANG_WARN_INT_CONVERSION = YES;
				CLANG_WARN_OBJC_ROOT_CLASS = YES_ERROR;
				CLANG_WARN_SUSPICIOUS_MOVE = YES;
				CLANG_WARN_UNREACHABLE_CODE = YES;
				CLANG_WARN__DUPLICATE_METHOD_MATCH = YES;
				"CODE_SIGN_IDENTITY[sdk=iphoneos*]" = "iPhone Developer";
				COPY_PHASE_STRIP = NO;
				DEBUG_INFORMATION_FORMAT = "dwarf-with-dsym";
				ENABLE_NS_ASSERTIONS = NO;
				ENABLE_STRICT_OBJC_MSGSEND = YES;
				GCC_C_LANGUAGE_STANDARD = gnu99;
				GCC_NO_COMMON_BLOCKS = YES;
				GCC_WARN_64_TO_32_BIT_CONVERSION = YES;
				GCC_WARN_ABOUT_RETURN_TYPE = YES_ERROR;
				GCC_WARN_UNDECLARED_SELECTOR = YES;
				GCC_WARN_UNINITIALIZED_AUTOS = YES_AGGRESSIVE;
				GCC_WARN_UNUSED_FUNCTION = YES;
				GCC_WARN_UNUSED_VARIABLE = YES;
				IPHONEOS_DEPLOYMENT_TARGET = 9.3;
				MTL_ENABLE_DEBUG_INFO = NO;
				SDKROOT = iphoneos;
				SWIFT_OPTIMIZATION_LEVEL = "-Owholemodule";
				TARGETED_DEVICE_FAMILY = "1,2";
				VALIDATE_PRODUCT = YES;
			};
			name = Release;
		};
		2CD58F051CDE379500DE7BD2 /* Debug */ = {
			isa = XCBuildConfiguration;
			buildSettings = {
				ASSETCATALOG_COMPILER_APPICON_NAME = AppIcon;
				DEVELOPMENT_TEAM = J7MY3N22B3;
				INFOPLIST_FILE = AAPhotoLibrary/Info.plist;
				LD_RUNPATH_SEARCH_PATHS = "$(inherited) @executable_path/Frameworks";
				PRODUCT_BUNDLE_IDENTIFIER = com.piqestudio.petty.AAPhotoLibrary;
				PRODUCT_NAME = "$(TARGET_NAME)";
				SWIFT_VERSION = 3.0;
			};
			name = Debug;
		};
		2CD58F061CDE379500DE7BD2 /* Release */ = {
			isa = XCBuildConfiguration;
			buildSettings = {
				ASSETCATALOG_COMPILER_APPICON_NAME = AppIcon;
				DEVELOPMENT_TEAM = J7MY3N22B3;
				INFOPLIST_FILE = AAPhotoLibrary/Info.plist;
				LD_RUNPATH_SEARCH_PATHS = "$(inherited) @executable_path/Frameworks";
				PRODUCT_BUNDLE_IDENTIFIER = com.piqestudio.petty.AAPhotoLibrary;
				PRODUCT_NAME = "$(TARGET_NAME)";
				SWIFT_VERSION = 3.0;
			};
			name = Release;
		};
		2CD58F081CDE379500DE7BD2 /* Debug */ = {
			isa = XCBuildConfiguration;
			buildSettings = {
				BUNDLE_LOADER = "$(TEST_HOST)";
				INFOPLIST_FILE = AAPhotoLibraryTests/Info.plist;
				LD_RUNPATH_SEARCH_PATHS = "$(inherited) @executable_path/Frameworks @loader_path/Frameworks";
				PRODUCT_BUNDLE_IDENTIFIER = com.piqestudio.petty.AAPhotoLibraryTests;
				PRODUCT_NAME = "$(TARGET_NAME)";
				SWIFT_VERSION = 3.0;
				TEST_HOST = "$(BUILT_PRODUCTS_DIR)/AAPhotoLibrary.app/AAPhotoLibrary";
			};
			name = Debug;
		};
		2CD58F091CDE379500DE7BD2 /* Release */ = {
			isa = XCBuildConfiguration;
			buildSettings = {
				BUNDLE_LOADER = "$(TEST_HOST)";
				INFOPLIST_FILE = AAPhotoLibraryTests/Info.plist;
				LD_RUNPATH_SEARCH_PATHS = "$(inherited) @executable_path/Frameworks @loader_path/Frameworks";
				PRODUCT_BUNDLE_IDENTIFIER = com.piqestudio.petty.AAPhotoLibraryTests;
				PRODUCT_NAME = "$(TARGET_NAME)";
				SWIFT_VERSION = 3.0;
				TEST_HOST = "$(BUILT_PRODUCTS_DIR)/AAPhotoLibrary.app/AAPhotoLibrary";
			};
			name = Release;
		};
/* End XCBuildConfiguration section */

/* Begin XCConfigurationList section */
		2CD58EE21CDE379400DE7BD2 /* Build configuration list for PBXProject "AAPhotoLibrary" */ = {
			isa = XCConfigurationList;
			buildConfigurations = (
				2CD58F021CDE379500DE7BD2 /* Debug */,
				2CD58F031CDE379500DE7BD2 /* Release */,
			);
			defaultConfigurationIsVisible = 0;
			defaultConfigurationName = Release;
		};
		2CD58F041CDE379500DE7BD2 /* Build configuration list for PBXNativeTarget "AAPhotoLibrary" */ = {
			isa = XCConfigurationList;
			buildConfigurations = (
				2CD58F051CDE379500DE7BD2 /* Debug */,
				2CD58F061CDE379500DE7BD2 /* Release */,
			);
			defaultConfigurationIsVisible = 0;
			defaultConfigurationName = Release;
		};
		2CD58F071CDE379500DE7BD2 /* Build configuration list for PBXNativeTarget "AAPhotoLibraryTests" */ = {
			isa = XCConfigurationList;
			buildConfigurations = (
				2CD58F081CDE379500DE7BD2 /* Debug */,
				2CD58F091CDE379500DE7BD2 /* Release */,
			);
			defaultConfigurationIsVisible = 0;
			defaultConfigurationName = Release;
		};
/* End XCConfigurationList section */
	};
	rootObject = 2CD58EDF1CDE379400DE7BD2 /* Project object */;
}
